
Microsoft Visual Studio Solution File, Format Version 12.00
# Visual Studio Version 17
VisualStudioVersion = 17.8.34330.188
MinimumVisualStudioVersion = 10.0.40219.1
Project("{FAE04EC0-301F-11D3-BF4B-00C04F79EFBC}") = "teste-jira", "teste-jira\teste-jira.csproj", "{63928E01-982C-4EC1-AE9E-D1B7CFD451B9}"
EndProject
Global
	GlobalSection(SolutionConfigurationPlatforms) = preSolution
		Debug|Any CPU = Debug|Any CPU
		Release|Any CPU = Release|Any CPU
	EndGlobalSection
	GlobalSection(ProjectConfigurationPlatforms) = postSolution
		{63928E01-982C-4EC1-AE9E-D1B7CFD451B9}.Debug|Any CPU.ActiveCfg = Debug|Any CPU
		{63928E01-982C-4EC1-AE9E-D1B7CFD451B9}.Debug|Any CPU.Build.0 = Debug|Any CPU
		{63928E01-982C-4EC1-AE9E-D1B7CFD451B9}.Release|Any CPU.ActiveCfg = Release|Any CPU
		{63928E01-982C-4EC1-AE9E-D1B7CFD451B9}.Release|Any CPU.Build.0 = Release|Any CPU
	EndGlobalSection
	GlobalSection(SolutionProperties) = preSolution
		HideSolutionNode = FALSE
	EndGlobalSection
	GlobalSection(ExtensibilityGlobals) = postSolution
		SolutionGuid = {C753261C-0A08-4984-A51E-13A3E254BC98}
	EndGlobalSection
EndGlobal
